
Microsoft Visual Studio Solution File, Format Version 12.00
# Visual Studio Version 17
VisualStudioVersion = 17.1.32328.378
MinimumVisualStudioVersion = 10.0.40219.1
Project("{FAE04EC0-301F-11D3-BF4B-00C04F79EFBC}") = "MultiCoreApp.API", "MultiCoreApp.API\MultiCoreApp.API.csproj", "{283518D2-4C15-490D-98FC-2CE0C48D4FB7}"
EndProject
Project("{FAE04EC0-301F-11D3-BF4B-00C04F79EFBC}") = "MultiCoreApp.Core", "MultiCoreApp.Core\MultiCoreApp.Core.csproj", "{5BF5917F-F38D-4ACB-A2DE-56061DEB870F}"
EndProject
Project("{FAE04EC0-301F-11D3-BF4B-00C04F79EFBC}") = "MultiCoreApp.DataAccessLayer", "MultiCoreApp.DataAccessLayer\MultiCoreApp.DataAccessLayer.csproj", "{FD99C32A-E902-40CD-A2EA-34ECD7E63A4A}"
EndProject
Project("{FAE04EC0-301F-11D3-BF4B-00C04F79EFBC}") = "MultiCoreApp.Service", "MultiCoreApp.Service\MultiCoreApp.Service.csproj", "{9321E5FA-C90E-4810-9ABC-DCFDD27B0F99}"
EndProject
Project("{FAE04EC0-301F-11D3-BF4B-00C04F79EFBC}") = "MultiCoreApp.MVC", "MultiCoreApp.MVC\MultiCoreApp.MVC.csproj", "{429A944B-B492-4185-9B73-7B03B8ACD4C0}"
EndProject
Global
	GlobalSection(SolutionConfigurationPlatforms) = preSolution
		Debug|Any CPU = Debug|Any CPU
		Release|Any CPU = Release|Any CPU
	EndGlobalSection
	GlobalSection(ProjectConfigurationPlatforms) = postSolution
		{283518D2-4C15-490D-98FC-2CE0C48D4FB7}.Debug|Any CPU.ActiveCfg = Debug|Any CPU
		{283518D2-4C15-490D-98FC-2CE0C48D4FB7}.Debug|Any CPU.Build.0 = Debug|Any CPU
		{283518D2-4C15-490D-98FC-2CE0C48D4FB7}.Release|Any CPU.ActiveCfg = Release|Any CPU
		{283518D2-4C15-490D-98FC-2CE0C48D4FB7}.Release|Any CPU.Build.0 = Release|Any CPU
		{5BF5917F-F38D-4ACB-A2DE-56061DEB870F}.Debug|Any CPU.ActiveCfg = Debug|Any CPU
		{5BF5917F-F38D-4ACB-A2DE-56061DEB870F}.Debug|Any CPU.Build.0 = Debug|Any CPU
		{5BF5917F-F38D-4ACB-A2DE-56061DEB870F}.Release|Any CPU.ActiveCfg = Release|Any CPU
		{5BF5917F-F38D-4ACB-A2DE-56061DEB870F}.Release|Any CPU.Build.0 = Release|Any CPU
		{FD99C32A-E902-40CD-A2EA-34ECD7E63A4A}.Debug|Any CPU.ActiveCfg = Debug|Any CPU
		{FD99C32A-E902-40CD-A2EA-34ECD7E63A4A}.Debug|Any CPU.Build.0 = Debug|Any CPU
		{FD99C32A-E902-40CD-A2EA-34ECD7E63A4A}.Release|Any CPU.ActiveCfg = Release|Any CPU
		{FD99C32A-E902-40CD-A2EA-34ECD7E63A4A}.Release|Any CPU.Build.0 = Release|Any CPU
		{9321E5FA-C90E-4810-9ABC-DCFDD27B0F99}.Debug|Any CPU.ActiveCfg = Debug|Any CPU
		{9321E5FA-C90E-4810-9ABC-DCFDD27B0F99}.Debug|Any CPU.Build.0 = Debug|Any CPU
		{9321E5FA-C90E-4810-9ABC-DCFDD27B0F99}.Release|Any CPU.ActiveCfg = Release|Any CPU
		{9321E5FA-C90E-4810-9ABC-DCFDD27B0F99}.Release|Any CPU.Build.0 = Release|Any CPU
		{429A944B-B492-4185-9B73-7B03B8ACD4C0}.Debug|Any CPU.ActiveCfg = Debug|Any CPU
		{429A944B-B492-4185-9B73-7B03B8ACD4C0}.Debug|Any CPU.Build.0 = Debug|Any CPU
		{429A944B-B492-4185-9B73-7B03B8ACD4C0}.Release|Any CPU.ActiveCfg = Release|Any CPU
		{429A944B-B492-4185-9B73-7B03B8ACD4C0}.Release|Any CPU.Build.0 = Release|Any CPU
	EndGlobalSection
	GlobalSection(SolutionProperties) = preSolution
		HideSolutionNode = FALSE
	EndGlobalSection
	GlobalSection(ExtensibilityGlobals) = postSolution
		SolutionGuid = {B77A102D-72B4-4236-B95C-6BC7B922A166}
	EndGlobalSection
EndGlobal
